Microsoft Visual Studio Solution File, Format Version 12.00
# Visual Studio Version 17
VisualStudioVersion = 17.0.31825.309
MinimumVisualStudioVersion = 10.0.40219.1
Project("{FAE04EC0-301F-11D3-BF4B-00C04F79EFBC}") = "OsduClient", "src\OsduClient\OsduClient.csproj", "{2325AA36-123C-4C2E-8DF9-CB0998F78469}"
EndProject
Project("{FAE04EC0-301F-11D3-BF4B-00C04F79EFBC}") = "OsduClient.Test", "src\OsduClient.Test\OsduClient.Test.csproj", "{19F1DEBC-DE5E-4517-8062-F000CD499087}"
EndProject
Global
	GlobalSection(SolutionConfigurationPlatforms) = preSolution
		Debug|Any CPU = Debug|Any CPU
		Release|Any CPU = Release|Any CPU
	EndGlobalSection
	GlobalSection(ProjectConfigurationPlatforms) = postSolution
		{2325AA36-123C-4C2E-8DF9-CB0998F78469}.Debug|Any CPU.ActiveCfg = Debug|Any CPU
		{2325AA36-123C-4C2E-8DF9-CB0998F78469}.Debug|Any CPU.Build.0 = Debug|Any CPU
		{2325AA36-123C-4C2E-8DF9-CB0998F78469}.Release|Any CPU.ActiveCfg = Release|Any CPU
		{2325AA36-123C-4C2E-8DF9-CB0998F78469}.Release|Any CPU.Build.0 = Release|Any CPU
		{19F1DEBC-DE5E-4517-8062-F000CD499087}.Debug|Any CPU.ActiveCfg = Debug|Any CPU
		{19F1DEBC-DE5E-4517-8062-F000CD499087}.Debug|Any CPU.Build.0 = Debug|Any CPU
		{19F1DEBC-DE5E-4517-8062-F000CD499087}.Release|Any CPU.ActiveCfg = Release|Any CPU
		{19F1DEBC-DE5E-4517-8062-F000CD499087}.Release|Any CPU.Build.0 = Release|Any CPU
	EndGlobalSection
	GlobalSection(SolutionProperties) = preSolution
		HideSolutionNode = FALSE
	EndGlobalSection
	GlobalSection(ExtensibilityGlobals) = postSolution
		SolutionGuid = {EB456C15-672C-4DF6-8BA7-027D35BC9FA7}
	EndGlobalSection
EndGlobal
